
Microsoft Visual Studio Solution File, Format Version 12.00
# Visual Studio for Mac
Project("{FAE04EC0-301F-11D3-BF4B-00C04F79EFBC}") = "Assembly-CSharp", "Assembly-CSharp.csproj", "{BE517FF9-FA10-7D17-469B-8AF5258186D4}"
EndProject
Global
	GlobalSection(SolutionConfigurationPlatforms) = preSolution
		Debug|Any CPU = Debug|Any CPU
		Release|Any CPU = Release|Any CPU
	EndGlobalSection
	GlobalSection(ProjectConfigurationPlatforms) = postSolution
		{BE517FF9-FA10-7D17-469B-8AF5258186D4}.Debug|Any CPU.ActiveCfg = Debug|Any CPU
		{BE517FF9-FA10-7D17-469B-8AF5258186D4}.Debug|Any CPU.Build.0 = Debug|Any CPU
		{BE517FF9-FA10-7D17-469B-8AF5258186D4}.Release|Any CPU.ActiveCfg = Release|Any CPU
		{BE517FF9-FA10-7D17-469B-8AF5258186D4}.Release|Any CPU.Build.0 = Release|Any CPU
	EndGlobalSection
	GlobalSection(SolutionProperties) = preSolution
		HideSolutionNode = FALSE
	EndGlobalSection
EndGlobal
